PODS:
  - CocoaLumberjack (3.4.1):
    - CocoaLumberjack/Default (= 3.4.1)
    - CocoaLumberjack/Extensions (= 3.4.1)
  - CocoaLumberjack/Default (3.4.1)
  - CocoaLumberjack/Extensions (3.4.1):
    - CocoaLumberjack/Default
  - OCMock (3.4.1)
  - Reachability (3.2)
  - SPLumberjackLogFormatter (0.0.1):
    - CocoaLumberjack
  - Vialer-pjsip-iOS (3.3.2)
  - VialerSIPLib (3.1.0):
    - CocoaLumberjack
    - Reachability
    - Vialer-pjsip-iOS

DEPENDENCIES:
  - OCMock
  - SPLumberjackLogFormatter (from `https://github.com/VoIPGRID/SPLumberjackLogFormatter.git`)
  - VialerSIPLib (from `../`)

EXTERNAL SOURCES:
  SPLumberjackLogFormatter:
    :git: https://github.com/VoIPGRID/SPLumberjackLogFormatter.git
  VialerSIPLib:
    :path: ../

CHECKOUT OPTIONS:
  SPLumberjackLogFormatter:
    :commit: c0155bfd953746f13e94c84b8b2c13908242e3e4
    :git: https://github.com/VoIPGRID/SPLumberjackLogFormatter.git

SPEC CHECKSUMS:
  CocoaLumberjack: 2e258a064cacc8eb9a2aca318e24d02a0a7fd56d
  OCMock: 2cd0716969bab32a2283ff3a46fd26a8c8b4c5e3
  Reachability: 33e18b67625424e47b6cde6d202dce689ad7af96
  SPLumberjackLogFormatter: a2290c9b880f3166b2d1bace45dc1fc1302b28ab
  Vialer-pjsip-iOS: a885d47c123779f3c11dd86536a1370236d3ae49
  VialerSIPLib: d0478861e2e51abb82a46ca3c9d2e890e9ab104b

PODFILE CHECKSUM: b8d5073366707a10dc8147a6ce9ec2ead52b0186

COCOAPODS: 1.4.0
