PODS:
  - CocoaLumberjack (2.3.0):
    - CocoaLumberjack/Default (= 2.3.0)
    - CocoaLumberjack/Extensions (= 2.3.0)
  - CocoaLumberjack/Core (2.3.0)
  - CocoaLumberjack/Default (2.3.0):
    - CocoaLumberjack/Core
  - CocoaLumberjack/Extensions (2.3.0):
    - CocoaLumberjack/Default
  - OCMock (3.3.1)
  - Reachability (3.2)
  - Vialer-pjsip-iOS (1.0)
  - VialerSIPLib-iOS (0.0.32):
    - CocoaLumberjack (~> 2.2)
    - Reachability
    - Vialer-pjsip-iOS

DEPENDENCIES:
  - CocoaLumberjack
  - OCMock
  - Reachability
  - VialerSIPLib-iOS (from `../`)

EXTERNAL SOURCES:
  VialerSIPLib-iOS:
    :path: "../"

SPEC CHECKSUMS:
  CocoaLumberjack: 97fab7ee5f507fe54445cca7ea80f926729cfd15
  OCMock: f3f61e6eaa16038c30caa5798c5e49d3307b6f22
  Reachability: 33e18b67625424e47b6cde6d202dce689ad7af96
  Vialer-pjsip-iOS: 7313b19c4c2fa228a419f697a95aff1c17e649f3
  VialerSIPLib-iOS: 2c556daddffb8f3bb94297403e6e3dda4cfb2b29

PODFILE CHECKSUM: f44a1f3590e6ecd210b6dc3e66af9b7b23691169

COCOAPODS: 1.0.1
