// !$*UTF8*$!
{
	archiveVersion = 1;
	classes = {
	};
	objectVersion = 46;
	objects = {

/* Begin PBXBuildFile section */
		57B24BA5A9C89003B4F06629 /* libPods-VialerSIPLib_Tests.a in Frameworks */ = {isa = PBXBuildFile; fileRef = 2918FD02F7F72DB3A125794F /* libPods-VialerSIPLib_Tests.a */; };
		6003F58E195388D20070C39A /* Foundation.framework in Frameworks */ = {isa = PBXBuildFile; fileRef = 6003F58D195388D20070C39A /* Foundation.framework */; };
		6003F590195388D20070C39A /* CoreGraphics.framework in Frameworks */ = {isa = PBXBuildFile; fileRef = 6003F58F195388D20070C39A /* CoreGraphics.framework */; };
		6003F592195388D20070C39A /* UIKit.framework in Frameworks */ = {isa = PBXBuildFile; fileRef = 6003F591195388D20070C39A /* UIKit.framework */; };
		6003F5A9195388D20070C39A /* Assets.xcassets in Resources */ = {isa = PBXBuildFile; fileRef = 6003F5A8195388D20070C39A /* Assets.xcassets */; };
		6003F5B0195388D20070C39A /* XCTest.framework in Frameworks */ = {isa = PBXBuildFile; fileRef = 6003F5AF195388D20070C39A /* XCTest.framework */; };
		6003F5B1195388D20070C39A /* Foundation.framework in Frameworks */ = {isa = PBXBuildFile; fileRef = 6003F58D195388D20070C39A /* Foundation.framework */; };
		6003F5B2195388D20070C39A /* UIKit.framework in Frameworks */ = {isa = PBXBuildFile; fileRef = 6003F591195388D20070C39A /* UIKit.framework */; };
		6003F5BA195388D20070C39A /* InfoPlist.strings in Resources */ = {isa = PBXBuildFile; fileRef = 6003F5B8195388D20070C39A /* InfoPlist.strings */; };
		C4021B691D426D5B003560F6 /* .gitignore in Resources */ = {isa = PBXBuildFile; fileRef = C4021B681D426D5B003560F6 /* .gitignore */; };
		C4021B6B1D426F22003560F6 /* Keys.swift in Sources */ = {isa = PBXBuildFile; fileRef = C4021B6A1D426F22003560F6 /* Keys.swift */; };
		C424B50B1C3BD27500178E52 /* VSLAccountConfigurationTests.m in Sources */ = {isa = PBXBuildFile; fileRef = C424B50A1C3BD27500178E52 /* VSLAccountConfigurationTests.m */; };
		C424B50D1C3BD89C00178E52 /* VSLEndpointConfigurationTests.m in Sources */ = {isa = PBXBuildFile; fileRef = C424B50C1C3BD89C00178E52 /* VSLEndpointConfigurationTests.m */; };
		C424B50F1C3BDBD900178E52 /* VSLTransportConfigurationTests.m in Sources */ = {isa = PBXBuildFile; fileRef = C424B50E1C3BDBD900178E52 /* VSLTransportConfigurationTests.m */; };
		C43C515E1D40A46000F8B793 /* VSLKeypadViewController.swift in Sources */ = {isa = PBXBuildFile; fileRef = C43C515D1D40A46000F8B793 /* VSLKeypadViewController.swift */; };
		C4441B721D424F8100C98E49 /* DDLogWrapper.m in Sources */ = {isa = PBXBuildFile; fileRef = C4441B711D424F8100C98E49 /* DDLogWrapper.m */; };
		C44F26421D3F5B7D00A5A406 /* VSLSecondCallViewController.swift in Sources */ = {isa = PBXBuildFile; fileRef = C44F26411D3F5B7D00A5A406 /* VSLSecondCallViewController.swift */; };
		C44F26441D3F985B00A5A406 /* VSLTransferInProgressViewController.swift in Sources */ = {isa = PBXBuildFile; fileRef = C44F26431D3F985B00A5A406 /* VSLTransferInProgressViewController.swift */; };
		C44F26461D3FB63600A5A406 /* VSLMainViewController.swift in Sources */ = {isa = PBXBuildFile; fileRef = C44F26451D3FB63600A5A406 /* VSLMainViewController.swift */; };
		C44F26481D3FBFCF00A5A406 /* VSLMakeCallViewController.swift in Sources */ = {isa = PBXBuildFile; fileRef = C44F26471D3FBFCF00A5A406 /* VSLMakeCallViewController.swift */; };
		C44F264A1D3FC71D00A5A406 /* VSLCallViewController.swift in Sources */ = {isa = PBXBuildFile; fileRef = C44F26491D3FC71D00A5A406 /* VSLCallViewController.swift */; };
		C44F264C1D3FD33F00A5A406 /* VSLIncomingCallViewController.swift in Sources */ = {isa = PBXBuildFile; fileRef = C44F264B1D3FD33F00A5A406 /* VSLIncomingCallViewController.swift */; };
		C457E49D1D3D070D0005D4B4 /* VSLTransferCallViewController.swift in Sources */ = {isa = PBXBuildFile; fileRef = C457E49C1D3D070D0005D4B4 /* VSLTransferCallViewController.swift */; };
		C48B488E1D421CB100AB2875 /* SipUser.swift in Sources */ = {isa = PBXBuildFile; fileRef = C48B488D1D421CB100AB2875 /* SipUser.swift */; };
		C48B48901D42228900AB2875 /* AppDelegate.swift in Sources */ = {isa = PBXBuildFile; fileRef = C48B488F1D42228900AB2875 /* AppDelegate.swift */; };
		EE79A6C51E2CFC0F00AC4AC7 /* VSLEndOfCallViewController.swift in Sources */ = {isa = PBXBuildFile; fileRef = EE79A6C41E2CFC0E00AC4AC7 /* VSLEndOfCallViewController.swift */; };
		EF1CD4427B7B17EF4091BEF8 /* libPods-VialerSIPLib_Example.a in Frameworks */ = {isa = PBXBuildFile; fileRef = EDD7E6A0D9160F0800D3A0F0 /* libPods-VialerSIPLib_Example.a */; };
		F26407E11DA7D6FE00393D4B /* CallKit.framework in Frameworks */ = {isa = PBXBuildFile; fileRef = F26407E01DA7D6FE00393D4B /* CallKit.framework */; settings = {ATTRIBUTES = (Weak, ); }; };
		F271B54E1DABD18F0028D620 /* IntentHandler.swift in Sources */ = {isa = PBXBuildFile; fileRef = F271B54D1DABD18F0028D620 /* IntentHandler.swift */; };
		F271B5521DABD18F0028D620 /* IntentsExtension.appex in Embed App Extensions */ = {isa = PBXBuildFile; fileRef = F271B54B1DABD18F0028D620 /* IntentsExtension.appex */; settings = {ATTRIBUTES = (RemoveHeadersOnCopy, ); }; };
		F27386111C170862002C4CD1 /* Main.storyboard in Resources */ = {isa = PBXBuildFile; fileRef = F27386131C170862002C4CD1 /* Main.storyboard */; };
		F27386181C170B3C002C4CD1 /* LaunchScreen.storyboard in Resources */ = {isa = PBXBuildFile; fileRef = F273861A1C170B3C002C4CD1 /* LaunchScreen.storyboard */; };
		F2800BB61DCB448F009B6361 /* NSUserActivity+StartCallConvertible.swift in Sources */ = {isa = PBXBuildFile; fileRef = F2800BB41DCB448F009B6361 /* NSUserActivity+StartCallConvertible.swift */; };
		F2800BB71DCB448F009B6361 /* StartCallConvertible.swift in Sources */ = {isa = PBXBuildFile; fileRef = F2800BB51DCB448F009B6361 /* StartCallConvertible.swift */; };
		F2800BBB1DCBCF47009B6361 /* VSLCallManagerTests.m in Sources */ = {isa = PBXBuildFile; fileRef = F2800BBA1DCBCF47009B6361 /* VSLCallManagerTests.m */; };
		F951E38D1C56214300FA480F /* VialerSIPLibTests.m in Sources */ = {isa = PBXBuildFile; fileRef = F951E38C1C56214300FA480F /* VialerSIPLibTests.m */; };
		F95AFD271C7F39BC005FC8CD /* VSLCallTests.m in Sources */ = {isa = PBXBuildFile; fileRef = F95AFD261C7F39BC005FC8CD /* VSLCallTests.m */; };
		F9906C211C3A85AC0044EA99 /* VSLAccountTests.m in Sources */ = {isa = PBXBuildFile; fileRef = F9906C201C3A85AC0044EA99 /* VSLAccountTests.m */; };
		F9906C231C3A85E80044EA99 /* VSLEndpointTests.m in Sources */ = {isa = PBXBuildFile; fileRef = F9906C221C3A85E80044EA99 /* VSLEndpointTests.m */; };
		F9906C251C3A87EB0044EA99 /* NSStringPlusPJStringTests.m in Sources */ = {isa = PBXBuildFile; fileRef = F9906C241C3A87EB0044EA99 /* NSStringPlusPJStringTests.m */; };
		F9D9EE561C51058800E10546 /* ringtone.wav in Resources */ = {isa = PBXBuildFile; fileRef = F9D9EE551C51058800E10546 /* ringtone.wav */; };
/* End PBXBuildFile section */

/* Begin PBXContainerItemProxy section */
		6003F5B3195388D20070C39A /* PBXContainerItemProxy */ = {
			isa = PBXContainerItemProxy;
			containerPortal = 6003F582195388D10070C39A /* Project object */;
			proxyType = 1;
			remoteGlobalIDString = 6003F589195388D20070C39A;
			remoteInfo = VialerSIPLib;
		};
		F271B5501DABD18F0028D620 /* PBXContainerItemProxy */ = {
			isa = PBXContainerItemProxy;
			containerPortal = 6003F582195388D10070C39A /* Project object */;
			proxyType = 1;
			remoteGlobalIDString = F271B54A1DABD18F0028D620;
			remoteInfo = IntentsExtension;
		};
/* End PBXContainerItemProxy section */

/* Begin PBXCopyFilesBuildPhase section */
		F271B5561DABD18F0028D620 /* Embed App Extensions */ = {
			isa = PBXCopyFilesBuildPhase;
			buildActionMask = 2147483647;
			dstPath = "";
			dstSubfolderSpec = 13;
			files = (
				F271B5521DABD18F0028D620 /* IntentsExtension.appex in Embed App Extensions */,
			);
			name = "Embed App Extensions";
			runOnlyForDeploymentPostprocessing = 0;
		};
/* End PBXCopyFilesBuildPhase section */

/* Begin PBXFileReference section */
		00110A8BDA853C5298946A61 /* Pods-VialerSIPLib_Tests.release.xcconfig */ = {isa = PBXFileReference; includeInIndex = 1; lastKnownFileType = text.xcconfig; name = "Pods-VialerSIPLib_Tests.release.xcconfig"; path = "Pods/Target Support Files/Pods-VialerSIPLib_Tests/Pods-VialerSIPLib_Tests.release.xcconfig"; sourceTree = "<group>"; };
		1EAFF48D5E8CC18B914D3603 /* Pods-VialerSIPLib_Tests.debug.xcconfig */ = {isa = PBXFileReference; includeInIndex = 1; lastKnownFileType = text.xcconfig; name = "Pods-VialerSIPLib_Tests.debug.xcconfig"; path = "Pods/Target Support Files/Pods-VialerSIPLib_Tests/Pods-VialerSIPLib_Tests.debug.xcconfig"; sourceTree = "<group>"; };
		2918FD02F7F72DB3A125794F /* libPods-VialerSIPLib_Tests.a */ = {isa = PBXFileReference; explicitFileType = archive.ar; includeInIndex = 0; path = "libPods-VialerSIPLib_Tests.a"; sourceTree = BUILT_PRODUCTS_DIR; };
		5D24E0A5A14D1689830035B2 /* README.md */ = {isa = PBXFileReference; includeInIndex = 1; lastKnownFileType = net.daringfireball.markdown; name = README.md; path = ../README.md; sourceTree = "<group>"; };
		6003F58A195388D20070C39A /* VialerSIPLib_Example.app */ = {isa = PBXFileReference; explicitFileType = wrapper.application; includeInIndex = 0; path = VialerSIPLib_Example.app; sourceTree = BUILT_PRODUCTS_DIR; };
		6003F58D195388D20070C39A /* Foundation.framework */ = {isa = PBXFileReference; lastKnownFileType = wrapper.framework; name = Foundation.framework; path = System/Library/Frameworks/Foundation.framework; sourceTree = SDKROOT; };
		6003F58F195388D20070C39A /* CoreGraphics.framework */ = {isa = PBXFileReference; lastKnownFileType = wrapper.framework; name = CoreGraphics.framework; path = System/Library/Frameworks/CoreGraphics.framework; sourceTree = SDKROOT; };
		6003F591195388D20070C39A /* UIKit.framework */ = {isa = PBXFileReference; lastKnownFileType = wrapper.framework; name = UIKit.framework; path = System/Library/Frameworks/UIKit.framework; sourceTree = SDKROOT; };
		6003F595195388D20070C39A /* Info.plist */ = {isa = PBXFileReference; lastKnownFileType = text.plist.xml; path = Info.plist; sourceTree = "<group>"; };
		6003F5A8195388D20070C39A /* Assets.xcassets */ = {isa = PBXFileReference; lastKnownFileType = folder.assetcatalog; path = Assets.xcassets; sourceTree = "<group>"; };
		6003F5AE195388D20070C39A /* VialerSIPLib_Tests.xctest */ = {isa = PBXFileReference; explicitFileType = wrapper.cfbundle; includeInIndex = 0; path = VialerSIPLib_Tests.xctest; sourceTree = BUILT_PRODUCTS_DIR; };
		6003F5AF195388D20070C39A /* XCTest.framework */ = {isa = PBXFileReference; lastKnownFileType = wrapper.framework; name = XCTest.framework; path = Library/Frameworks/XCTest.framework; sourceTree = DEVELOPER_DIR; };
		6003F5B7195388D20070C39A /* Tests-Info.plist */ = {isa = PBXFileReference; lastKnownFileType = text.plist.xml; path = "Tests-Info.plist"; sourceTree = "<group>"; };
		6003F5B9195388D20070C39A /* en */ = {isa = PBXFileReference; lastKnownFileType = text.plist.strings; name = en; path = en.lproj/InfoPlist.strings; sourceTree = "<group>"; };
		606FC2411953D9B200FFA9A0 /* Tests-Prefix.pch */ = {isa = PBXFileReference; lastKnownFileType = sourcecode.c.h; path = "Tests-Prefix.pch"; sourceTree = "<group>"; };
		751644FF6D649E93790619BF /* LICENSE */ = {isa = PBXFileReference; includeInIndex = 1; lastKnownFileType = text; name = LICENSE; path = ../LICENSE; sourceTree = "<group>"; };
		8F7041AC1F0A372AC0CD4BD1 /* Pods-VialerSIPLib_Example.release.xcconfig */ = {isa = PBXFileReference; includeInIndex = 1; lastKnownFileType = text.xcconfig; name = "Pods-VialerSIPLib_Example.release.xcconfig"; path = "Pods/Target Support Files/Pods-VialerSIPLib_Example/Pods-VialerSIPLib_Example.release.xcconfig"; sourceTree = "<group>"; };
		C4021B681D426D5B003560F6 /* .gitignore */ = {isa = PBXFileReference; fileEncoding = 4; lastKnownFileType = text; name = .gitignore; path = ../.gitignore; sourceTree = "<group>"; };
		C4021B6A1D426F22003560F6 /* Keys.swift */ = {isa = PBXFileReference; fileEncoding = 4; lastKnownFileType = sourcecode.swift; path = Keys.swift; sourceTree = "<group>"; };
		C424B50A1C3BD27500178E52 /* VSLAccountConfigurationTests.m */ = {isa = PBXFileReference; fileEncoding = 4; lastKnownFileType = sourcecode.c.objc; path = VSLAccountConfigurationTests.m; sourceTree = "<group>"; };
		C424B50C1C3BD89C00178E52 /* VSLEndpointConfigurationTests.m */ = {isa = PBXFileReference; fileEncoding = 4; lastKnownFileType = sourcecode.c.objc; path = VSLEndpointConfigurationTests.m; sourceTree = "<group>"; };
		C424B50E1C3BDBD900178E52 /* VSLTransportConfigurationTests.m */ = {isa = PBXFileReference; fileEncoding = 4; lastKnownFileType = sourcecode.c.objc; path = VSLTransportConfigurationTests.m; sourceTree = "<group>"; };
		C42858231C4FC1F600BAF52C /* Classes.md */ = {isa = PBXFileReference; fileEncoding = 4; lastKnownFileType = net.daringfireball.markdown; name = Classes.md; path = ../Documentation/Classes.md; sourceTree = "<group>"; };
		C43C515D1D40A46000F8B793 /* VSLKeypadViewController.swift */ = {isa = PBXFileReference; fileEncoding = 4; lastKnownFileType = sourcecode.swift; lineEnding = 0; path = VSLKeypadViewController.swift; sourceTree = "<group>"; xcLanguageSpecificationIdentifier = xcode.lang.swift; };
		C4441B701D424F8100C98E49 /* DDLogWrapper.h */ = {isa = PBXFileReference; fileEncoding = 4; lastKnownFileType = sourcecode.c.h; path = DDLogWrapper.h; sourceTree = "<group>"; };
		C4441B711D424F8100C98E49 /* DDLogWrapper.m */ = {isa = PBXFileReference; fileEncoding = 4; lastKnownFileType = sourcecode.c.objc; path = DDLogWrapper.m; sourceTree = "<group>"; };
		C44F26411D3F5B7D00A5A406 /* VSLSecondCallViewController.swift */ = {isa = PBXFileReference; fileEncoding = 4; lastKnownFileType = sourcecode.swift; lineEnding = 0; path = VSLSecondCallViewController.swift; sourceTree = "<group>"; xcLanguageSpecificationIdentifier = xcode.lang.swift; };
		C44F26431D3F985B00A5A406 /* VSLTransferInProgressViewController.swift */ = {isa = PBXFileReference; fileEncoding = 4; lastKnownFileType = sourcecode.swift; path = VSLTransferInProgressViewController.swift; sourceTree = "<group>"; };
		C44F26451D3FB63600A5A406 /* VSLMainViewController.swift */ = {isa = PBXFileReference; fileEncoding = 4; lastKnownFileType = sourcecode.swift; path = VSLMainViewController.swift; sourceTree = "<group>"; };
		C44F26471D3FBFCF00A5A406 /* VSLMakeCallViewController.swift */ = {isa = PBXFileReference; fileEncoding = 4; lastKnownFileType = sourcecode.swift; path = VSLMakeCallViewController.swift; sourceTree = "<group>"; };
		C44F26491D3FC71D00A5A406 /* VSLCallViewController.swift */ = {isa = PBXFileReference; fileEncoding = 4; lastKnownFileType = sourcecode.swift; lineEnding = 0; path = VSLCallViewController.swift; sourceTree = "<group>"; xcLanguageSpecificationIdentifier = xcode.lang.swift; };
		C44F264B1D3FD33F00A5A406 /* VSLIncomingCallViewController.swift */ = {isa = PBXFileReference; fileEncoding = 4; lastKnownFileType = sourcecode.swift; lineEnding = 0; path = VSLIncomingCallViewController.swift; sourceTree = "<group>"; xcLanguageSpecificationIdentifier = xcode.lang.swift; };
		C457E49B1D3D070D0005D4B4 /* VialerSIPLib_Example-Bridging-Header.h */ = {isa = PBXFileReference; lastKnownFileType = sourcecode.c.h; path = "VialerSIPLib_Example-Bridging-Header.h"; sourceTree = "<group>"; };
		C457E49C1D3D070D0005D4B4 /* VSLTransferCallViewController.swift */ = {isa = PBXFileReference; fileEncoding = 4; lastKnownFileType = sourcecode.swift; path = VSLTransferCallViewController.swift; sourceTree = "<group>"; };
		C48736131C4F897D00604413 /* GettingStarted.md */ = {isa = PBXFileReference; fileEncoding = 4; lastKnownFileType = net.daringfireball.markdown; name = GettingStarted.md; path = ../Documentation/GettingStarted.md; sourceTree = "<group>"; };
		C48736161C4F904100604413 /* README.md */ = {isa = PBXFileReference; fileEncoding = 4; lastKnownFileType = net.daringfireball.markdown; name = README.md; path = ../Documentation/README.md; sourceTree = "<group>"; };
		C48736181C4F912C00604413 /* Middleware.md */ = {isa = PBXFileReference; fileEncoding = 4; lastKnownFileType = net.daringfireball.markdown; name = Middleware.md; path = ../Documentation/Middleware.md; sourceTree = "<group>"; };
		C487361A1C4F91BC00604413 /* Goals.md */ = {isa = PBXFileReference; fileEncoding = 4; lastKnownFileType = net.daringfireball.markdown; name = Goals.md; path = ../Documentation/Goals.md; sourceTree = "<group>"; };
		C487361C1C4F927300604413 /* Pjsip.md */ = {isa = PBXFileReference; fileEncoding = 4; lastKnownFileType = net.daringfireball.markdown; name = Pjsip.md; path = ../Documentation/Pjsip.md; sourceTree = "<group>"; };
		C487361E1C4F96B200604413 /* Credits.md */ = {isa = PBXFileReference; fileEncoding = 4; lastKnownFileType = net.daringfireball.markdown; name = Credits.md; path = ../Documentation/Credits.md; sourceTree = "<group>"; };
		C48B488D1D421CB100AB2875 /* SipUser.swift */ = {isa = PBXFileReference; fileEncoding = 4; lastKnownFileType = sourcecode.swift; path = SipUser.swift; sourceTree = "<group>"; };
		C48B488F1D42228900AB2875 /* AppDelegate.swift */ = {isa = PBXFileReference; fileEncoding = 4; lastKnownFileType = sourcecode.swift; path = AppDelegate.swift; sourceTree = "<group>"; };
		C497FF8C1E3F2E6900D0363B /* PULL_REQUEST_TEMPLATE.md */ = {isa = PBXFileReference; lastKnownFileType = net.daringfireball.markdown; name = PULL_REQUEST_TEMPLATE.md; path = ../.github/PULL_REQUEST_TEMPLATE.md; sourceTree = "<group>"; };
		C49B2C3A1DF9B9CB000FFBF7 /* CHANGELOG.md */ = {isa = PBXFileReference; lastKnownFileType = net.daringfireball.markdown; name = CHANGELOG.md; path = ../CHANGELOG.md; sourceTree = "<group>"; };
		C4A5C09D1E3640CF008F5297 /* CONTRIBUTING.md */ = {isa = PBXFileReference; fileEncoding = 4; lastKnownFileType = net.daringfireball.markdown; name = CONTRIBUTING.md; path = ../Documentation/CONTRIBUTING.md; sourceTree = "<group>"; };
		C4A5C09F1E364121008F5297 /* ISSUE_TEMPLATE.md */ = {isa = PBXFileReference; lastKnownFileType = net.daringfireball.markdown; name = ISSUE_TEMPLATE.md; path = ../.github/ISSUE_TEMPLATE.md; sourceTree = "<group>"; };
		C4A6D7661D5A12720014A4FB /* Keys.swift.example */ = {isa = PBXFileReference; fileEncoding = 4; lastKnownFileType = text; path = Keys.swift.example; sourceTree = "<group>"; };
		EDD7E6A0D9160F0800D3A0F0 /* libPods-VialerSIPLib_Example.a */ = {isa = PBXFileReference; explicitFileType = archive.ar; includeInIndex = 0; path = "libPods-VialerSIPLib_Example.a"; sourceTree = BUILT_PRODUCTS_DIR; };
		EE79A6C41E2CFC0E00AC4AC7 /* VSLEndOfCallViewController.swift */ = {isa = PBXFileReference; fileEncoding = 4; lastKnownFileType = sourcecode.swift; path = VSLEndOfCallViewController.swift; sourceTree = "<group>"; };
		EEF1CB7C1FA096F800B5170F /* VialerSIPLib_Example-Prefix.pch */ = {isa = PBXFileReference; lastKnownFileType = sourcecode.c.h; path = "VialerSIPLib_Example-Prefix.pch"; sourceTree = "<group>"; };
		F15160CE3B28038639A4D6A7 /* Pods-VialerSIPLib_Example.debug.xcconfig */ = {isa = PBXFileReference; includeInIndex = 1; lastKnownFileType = text.xcconfig; name = "Pods-VialerSIPLib_Example.debug.xcconfig"; path = "Pods/Target Support Files/Pods-VialerSIPLib_Example/Pods-VialerSIPLib_Example.debug.xcconfig"; sourceTree = "<group>"; };
		F26407E01DA7D6FE00393D4B /* CallKit.framework */ = {isa = PBXFileReference; lastKnownFileType = wrapper.framework; name = CallKit.framework; path = System/Library/Frameworks/CallKit.framework; sourceTree = SDKROOT; };
		F271B54B1DABD18F0028D620 /* IntentsExtension.appex */ = {isa = PBXFileReference; explicitFileType = "wrapper.app-extension"; includeInIndex = 0; path = IntentsExtension.appex; sourceTree = BUILT_PRODUCTS_DIR; };
		F271B54D1DABD18F0028D620 /* IntentHandler.swift */ = {isa = PBXFileReference; lastKnownFileType = sourcecode.swift; path = IntentHandler.swift; sourceTree = "<group>"; };
		F271B54F1DABD18F0028D620 /* Info.plist */ = {isa = PBXFileReference; lastKnownFileType = text.plist.xml; path = Info.plist; sourceTree = "<group>"; };
		F27386101C16EE96002C4CD1 /* VialerSIPLib.podspec */ = {isa = PBXFileReference; lastKnownFileType = text; name = VialerSIPLib.podspec; path = ../VialerSIPLib.podspec; sourceTree = "<group>"; xcLanguageSpecificationIdentifier = xcode.lang.ruby; };
		F27386121C170862002C4CD1 /* Base */ = {isa = PBXFileReference; lastKnownFileType = file.storyboard; name = Base; path = Base.lproj/Main.storyboard; sourceTree = "<group>"; };
		F27386191C170B3C002C4CD1 /* Base */ = {isa = PBXFileReference; lastKnownFileType = file.storyboard; name = Base; path = Base.lproj/LaunchScreen.storyboard; sourceTree = "<group>"; };
		F2800BB41DCB448F009B6361 /* NSUserActivity+StartCallConvertible.swift */ = {isa = PBXFileReference; fileEncoding = 4; lastKnownFileType = sourcecode.swift; path = "NSUserActivity+StartCallConvertible.swift"; sourceTree = "<group>"; };
		F2800BB51DCB448F009B6361 /* StartCallConvertible.swift */ = {isa = PBXFileReference; fileEncoding = 4; lastKnownFileType = sourcecode.swift; path = StartCallConvertible.swift; sourceTree = "<group>"; };
		F2800BBA1DCBCF47009B6361 /* VSLCallManagerTests.m */ = {isa = PBXFileReference; fileEncoding = 4; lastKnownFileType = sourcecode.c.objc; path = VSLCallManagerTests.m; sourceTree = "<group>"; };
		F951E38C1C56214300FA480F /* VialerSIPLibTests.m */ = {isa = PBXFileReference; fileEncoding = 4; lastKnownFileType = sourcecode.c.objc; path = VialerSIPLibTests.m; sourceTree = "<group>"; };
		F95AFD261C7F39BC005FC8CD /* VSLCallTests.m */ = {isa = PBXFileReference; fileEncoding = 4; lastKnownFileType = sourcecode.c.objc; path = VSLCallTests.m; sourceTree = "<group>"; };
		F9906C201C3A85AC0044EA99 /* VSLAccountTests.m */ = {isa = PBXFileReference; fileEncoding = 4; lastKnownFileType = sourcecode.c.objc; path = VSLAccountTests.m; sourceTree = "<group>"; };
		F9906C221C3A85E80044EA99 /* VSLEndpointTests.m */ = {isa = PBXFileReference; fileEncoding = 4; lastKnownFileType = sourcecode.c.objc; path = VSLEndpointTests.m; sourceTree = "<group>"; };
		F9906C241C3A87EB0044EA99 /* NSStringPlusPJStringTests.m */ = {isa = PBXFileReference; fileEncoding = 4; lastKnownFileType = sourcecode.c.objc; path = NSStringPlusPJStringTests.m; sourceTree = "<group>"; };
		F9D9EE551C51058800E10546 /* ringtone.wav */ = {isa = PBXFileReference; lastKnownFileType = audio.wav; path = ringtone.wav; sourceTree = "<group>"; };
/* End PBXFileReference section */

/* Begin PBXFrameworksBuildPhase section */
		6003F587195388D20070C39A /* Frameworks */ = {
			isa = PBXFrameworksBuildPhase;
			buildActionMask = 2147483647;
			files = (
				F26407E11DA7D6FE00393D4B /* CallKit.framework in Frameworks */,
				6003F590195388D20070C39A /* CoreGraphics.framework in Frameworks */,
				6003F592195388D20070C39A /* UIKit.framework in Frameworks */,
				6003F58E195388D20070C39A /* Foundation.framework in Frameworks */,
				EF1CD4427B7B17EF4091BEF8 /* libPods-VialerSIPLib_Example.a in Frameworks */,
			);
			runOnlyForDeploymentPostprocessing = 0;
		};
		6003F5AB195388D20070C39A /* Frameworks */ = {
			isa = PBXFrameworksBuildPhase;
			buildActionMask = 2147483647;
			files = (
				6003F5B0195388D20070C39A /* XCTest.framework in Frameworks */,
				6003F5B2195388D20070C39A /* UIKit.framework in Frameworks */,
				6003F5B1195388D20070C39A /* Foundation.framework in Frameworks */,
				57B24BA5A9C89003B4F06629 /* libPods-VialerSIPLib_Tests.a in Frameworks */,
			);
			runOnlyForDeploymentPostprocessing = 0;
		};
		F271B5481DABD18F0028D620 /* Frameworks */ = {
			isa = PBXFrameworksBuildPhase;
			buildActionMask = 2147483647;
			files = (
			);
			runOnlyForDeploymentPostprocessing = 0;
		};
/* End PBXFrameworksBuildPhase section */

/* Begin PBXGroup section */
		146AF912F69254077E642415 /* Pods */ = {
			isa = PBXGroup;
			children = (
				F15160CE3B28038639A4D6A7 /* Pods-VialerSIPLib_Example.debug.xcconfig */,
				8F7041AC1F0A372AC0CD4BD1 /* Pods-VialerSIPLib_Example.release.xcconfig */,
				1EAFF48D5E8CC18B914D3603 /* Pods-VialerSIPLib_Tests.debug.xcconfig */,
				00110A8BDA853C5298946A61 /* Pods-VialerSIPLib_Tests.release.xcconfig */,
			);
			name = Pods;
			sourceTree = "<group>";
		};
		6003F581195388D10070C39A = {
			isa = PBXGroup;
			children = (
				60FF7A9C1954A5C5007DD14C /* Podspec Metadata */,
				6003F593195388D20070C39A /* Example for VialerSIPLib */,
				6003F5B5195388D20070C39A /* Tests */,
				F271B54C1DABD18F0028D620 /* IntentsExtension */,
				6003F58C195388D20070C39A /* Frameworks */,
				6003F58B195388D20070C39A /* Products */,
				146AF912F69254077E642415 /* Pods */,
			);
			sourceTree = "<group>";
		};
		6003F58B195388D20070C39A /* Products */ = {
			isa = PBXGroup;
			children = (
				6003F58A195388D20070C39A /* VialerSIPLib_Example.app */,
				6003F5AE195388D20070C39A /* VialerSIPLib_Tests.xctest */,
				F271B54B1DABD18F0028D620 /* IntentsExtension.appex */,
			);
			name = Products;
			sourceTree = "<group>";
		};
		6003F58C195388D20070C39A /* Frameworks */ = {
			isa = PBXGroup;
			children = (
				F26407E01DA7D6FE00393D4B /* CallKit.framework */,
				6003F58D195388D20070C39A /* Foundation.framework */,
				6003F58F195388D20070C39A /* CoreGraphics.framework */,
				6003F591195388D20070C39A /* UIKit.framework */,
				6003F5AF195388D20070C39A /* XCTest.framework */,
				EDD7E6A0D9160F0800D3A0F0 /* libPods-VialerSIPLib_Example.a */,
				2918FD02F7F72DB3A125794F /* libPods-VialerSIPLib_Tests.a */,
			);
			name = Frameworks;
			sourceTree = "<group>";
		};
		6003F593195388D20070C39A /* Example for VialerSIPLib */ = {
			isa = PBXGroup;
			children = (
				C48B488F1D42228900AB2875 /* AppDelegate.swift */,
				F2800BB41DCB448F009B6361 /* NSUserActivity+StartCallConvertible.swift */,
				F2800BB51DCB448F009B6361 /* StartCallConvertible.swift */,
				C4021B651D426C7A003560F6 /* Controllers */,
				C4021B6C1D426FC4003560F6 /* Utils */,
				F27386131C170862002C4CD1 /* Main.storyboard */,
				6003F5A8195388D20070C39A /* Assets.xcassets */,
				F273861A1C170B3C002C4CD1 /* LaunchScreen.storyboard */,
				F9D9EE551C51058800E10546 /* ringtone.wav */,
				6003F594195388D20070C39A /* Supporting Files */,
			);
			name = "Example for VialerSIPLib";
			path = VialerSIPLib;
			sourceTree = "<group>";
		};
		6003F594195388D20070C39A /* Supporting Files */ = {
			isa = PBXGroup;
			children = (
				6003F595195388D20070C39A /* Info.plist */,
				C457E49B1D3D070D0005D4B4 /* VialerSIPLib_Example-Bridging-Header.h */,
				EEF1CB7C1FA096F800B5170F /* VialerSIPLib_Example-Prefix.pch */,
			);
			name = "Supporting Files";
			sourceTree = "<group>";
		};
		6003F5B5195388D20070C39A /* Tests */ = {
			isa = PBXGroup;
			children = (
				C424B5061C3BD1B700178E52 /* Categories */,
				C424B5071C3BD21200178E52 /* Classes */,
				6003F5B6195388D20070C39A /* Supporting Files */,
			);
			path = Tests;
			sourceTree = "<group>";
		};
		6003F5B6195388D20070C39A /* Supporting Files */ = {
			isa = PBXGroup;
			children = (
				6003F5B7195388D20070C39A /* Tests-Info.plist */,
				6003F5B8195388D20070C39A /* InfoPlist.strings */,
				606FC2411953D9B200FFA9A0 /* Tests-Prefix.pch */,
			);
			name = "Supporting Files";
			sourceTree = "<group>";
		};
		60FF7A9C1954A5C5007DD14C /* Podspec Metadata */ = {
			isa = PBXGroup;
			children = (
				C4021B681D426D5B003560F6 /* .gitignore */,
				F27386101C16EE96002C4CD1 /* VialerSIPLib.podspec */,
				5D24E0A5A14D1689830035B2 /* README.md */,
				C49B2C3A1DF9B9CB000FFBF7 /* CHANGELOG.md */,
				751644FF6D649E93790619BF /* LICENSE */,
				C4A5C09F1E364121008F5297 /* ISSUE_TEMPLATE.md */,
				C497FF8C1E3F2E6900D0363B /* PULL_REQUEST_TEMPLATE.md */,
				C48736151C4F901600604413 /* Documentation */,
			);
			name = "Podspec Metadata";
			sourceTree = "<group>";
		};
		C4021B651D426C7A003560F6 /* Controllers */ = {
			isa = PBXGroup;
			children = (
				C44F26451D3FB63600A5A406 /* VSLMainViewController.swift */,
				C44F26471D3FBFCF00A5A406 /* VSLMakeCallViewController.swift */,
				C44F26491D3FC71D00A5A406 /* VSLCallViewController.swift */,
				EE79A6C41E2CFC0E00AC4AC7 /* VSLEndOfCallViewController.swift */,
				C457E49C1D3D070D0005D4B4 /* VSLTransferCallViewController.swift */,
				C44F26411D3F5B7D00A5A406 /* VSLSecondCallViewController.swift */,
				C44F264B1D3FD33F00A5A406 /* VSLIncomingCallViewController.swift */,
				C43C515D1D40A46000F8B793 /* VSLKeypadViewController.swift */,
				C44F26431D3F985B00A5A406 /* VSLTransferInProgressViewController.swift */,
			);
			name = Controllers;
			sourceTree = "<group>";
		};
		C4021B6C1D426FC4003560F6 /* Utils */ = {
			isa = PBXGroup;
			children = (
				C48B488D1D421CB100AB2875 /* SipUser.swift */,
				C4021B6A1D426F22003560F6 /* Keys.swift */,
				C4A6D7661D5A12720014A4FB /* Keys.swift.example */,
				C4441B701D424F8100C98E49 /* DDLogWrapper.h */,
				C4441B711D424F8100C98E49 /* DDLogWrapper.m */,
			);
			name = Utils;
			sourceTree = "<group>";
		};
		C424B5061C3BD1B700178E52 /* Categories */ = {
			isa = PBXGroup;
			children = (
				F9906C241C3A87EB0044EA99 /* NSStringPlusPJStringTests.m */,
			);
			name = Categories;
			sourceTree = "<group>";
		};
		C424B5071C3BD21200178E52 /* Classes */ = {
			isa = PBXGroup;
			children = (
				C424B5091C3BD25700178E52 /* Configurations */,
				F9906C201C3A85AC0044EA99 /* VSLAccountTests.m */,
				F9906C221C3A85E80044EA99 /* VSLEndpointTests.m */,
				F951E38C1C56214300FA480F /* VialerSIPLibTests.m */,
				F95AFD261C7F39BC005FC8CD /* VSLCallTests.m */,
				F2800BBA1DCBCF47009B6361 /* VSLCallManagerTests.m */,
			);
			name = Classes;
			sourceTree = "<group>";
		};
		C424B5091C3BD25700178E52 /* Configurations */ = {
			isa = PBXGroup;
			children = (
				C424B50A1C3BD27500178E52 /* VSLAccountConfigurationTests.m */,
				C424B50C1C3BD89C00178E52 /* VSLEndpointConfigurationTests.m */,
				C424B50E1C3BDBD900178E52 /* VSLTransportConfigurationTests.m */,
			);
			name = Configurations;
			sourceTree = "<group>";
		};
		C48736151C4F901600604413 /* Documentation */ = {
			isa = PBXGroup;
			children = (
				C4A5C09D1E3640CF008F5297 /* CONTRIBUTING.md */,
				C48736131C4F897D00604413 /* GettingStarted.md */,
				C48736161C4F904100604413 /* README.md */,
				C48736181C4F912C00604413 /* Middleware.md */,
				C487361A1C4F91BC00604413 /* Goals.md */,
				C487361C1C4F927300604413 /* Pjsip.md */,
				C487361E1C4F96B200604413 /* Credits.md */,
				C42858231C4FC1F600BAF52C /* Classes.md */,
			);
			name = Documentation;
			sourceTree = "<group>";
		};
		F271B54C1DABD18F0028D620 /* IntentsExtension */ = {
			isa = PBXGroup;
			children = (
				F271B54D1DABD18F0028D620 /* IntentHandler.swift */,
				F271B54F1DABD18F0028D620 /* Info.plist */,
			);
			path = IntentsExtension;
			sourceTree = "<group>";
		};
/* End PBXGroup section */

/* Begin PBXNativeTarget section */
		6003F589195388D20070C39A /* VialerSIPLib_Example */ = {
			isa = PBXNativeTarget;
			buildConfigurationList = 6003F5BF195388D20070C39A /* Build configuration list for PBXNativeTarget "VialerSIPLib_Example" */;
			buildPhases = (
				BC456617BB93AA39CD2E063D /* [CP] Check Pods Manifest.lock */,
				6003F586195388D20070C39A /* Sources */,
				6003F587195388D20070C39A /* Frameworks */,
				6003F588195388D20070C39A /* Resources */,
				F271B5561DABD18F0028D620 /* Embed App Extensions */,
				9867CF3405BE944EA05D1127 /* [CP] Copy Pods Resources */,
			);
			buildRules = (
			);
			dependencies = (
				F271B5511DABD18F0028D620 /* PBXTargetDependency */,
			);
			name = VialerSIPLib_Example;
			productName = VialerSIPLib;
			productReference = 6003F58A195388D20070C39A /* VialerSIPLib_Example.app */;
			productType = "com.apple.product-type.application";
		};
		6003F5AD195388D20070C39A /* VialerSIPLib_Tests */ = {
			isa = PBXNativeTarget;
			buildConfigurationList = 6003F5C2195388D20070C39A /* Build configuration list for PBXNativeTarget "VialerSIPLib_Tests" */;
			buildPhases = (
				C91470F5F491E8784D7DBEE4 /* [CP] Check Pods Manifest.lock */,
				6003F5AA195388D20070C39A /* Sources */,
				6003F5AB195388D20070C39A /* Frameworks */,
				6003F5AC195388D20070C39A /* Resources */,
				4CC6A93B1A74CE8A94C2B1D1 /* [CP] Copy Pods Resources */,
			);
			buildRules = (
			);
			dependencies = (
				6003F5B4195388D20070C39A /* PBXTargetDependency */,
			);
			name = VialerSIPLib_Tests;
			productName = VialerSIPLibTests;
			productReference = 6003F5AE195388D20070C39A /* VialerSIPLib_Tests.xctest */;
			productType = "com.apple.product-type.bundle.unit-test";
		};
		F271B54A1DABD18F0028D620 /* IntentsExtension */ = {
			isa = PBXNativeTarget;
			buildConfigurationList = F271B5531DABD18F0028D620 /* Build configuration list for PBXNativeTarget "IntentsExtension" */;
			buildPhases = (
				F271B5471DABD18F0028D620 /* Sources */,
				F271B5481DABD18F0028D620 /* Frameworks */,
				F271B5491DABD18F0028D620 /* Resources */,
			);
			buildRules = (
			);
			dependencies = (
			);
			name = IntentsExtension;
			productName = IntentsExtension;
			productReference = F271B54B1DABD18F0028D620 /* IntentsExtension.appex */;
			productType = "com.apple.product-type.app-extension";
		};
/* End PBXNativeTarget section */

/* Begin PBXProject section */
		6003F582195388D10070C39A /* Project object */ = {
			isa = PBXProject;
			attributes = {
				CLASSPREFIX = VSL;
				LastSwiftUpdateCheck = 0800;
				LastUpgradeCheck = 0930;
				ORGANIZATIONNAME = Harold;
				TargetAttributes = {
					6003F589195388D20070C39A = {
						DevelopmentTeam = E2Q9UE8HM6;
						LastSwiftMigration = 0900;
						ProvisioningStyle = Automatic;
						SystemCapabilities = {
							com.apple.BackgroundModes = {
								enabled = 1;
							};
						};
					};
					6003F5AD195388D20070C39A = {
						LastSwiftMigration = 0900;
						TestTargetID = 6003F589195388D20070C39A;
					};
					F271B54A1DABD18F0028D620 = {
						CreatedOnToolsVersion = 8.0;
						DevelopmentTeam = E2Q9UE8HM6;
						LastSwiftMigration = 0900;
						ProvisioningStyle = Automatic;
					};
				};
			};
			buildConfigurationList = 6003F585195388D10070C39A /* Build configuration list for PBXProject "VialerSIPLib" */;
			compatibilityVersion = "Xcode 3.2";
			developmentRegion = English;
			hasScannedForEncodings = 0;
			knownRegions = (
				English,
				en,
				Base,
			);
			mainGroup = 6003F581195388D10070C39A;
			productRefGroup = 6003F58B195388D20070C39A /* Products */;
			projectDirPath = "";
			projectRoot = "";
			targets = (
				6003F589195388D20070C39A /* VialerSIPLib_Example */,
				6003F5AD195388D20070C39A /* VialerSIPLib_Tests */,
				F271B54A1DABD18F0028D620 /* IntentsExtension */,
			);
		};
/* End PBXProject section */

/* Begin PBXResourcesBuildPhase section */
		6003F588195388D20070C39A /* Resources */ = {
			isa = PBXResourcesBuildPhase;
			buildActionMask = 2147483647;
			files = (
				C4021B691D426D5B003560F6 /* .gitignore in Resources */,
				F27386181C170B3C002C4CD1 /* LaunchScreen.storyboard in Resources */,
				F27386111C170862002C4CD1 /* Main.storyboard in Resources */,
				F9D9EE561C51058800E10546 /* ringtone.wav in Resources */,
				6003F5A9195388D20070C39A /* Assets.xcassets in Resources */,
			);
			runOnlyForDeploymentPostprocessing = 0;
		};
		6003F5AC195388D20070C39A /* Resources */ = {
			isa = PBXResourcesBuildPhase;
			buildActionMask = 2147483647;
			files = (
				6003F5BA195388D20070C39A /* InfoPlist.strings in Resources */,
			);
			runOnlyForDeploymentPostprocessing = 0;
		};
		F271B5491DABD18F0028D620 /* Resources */ = {
			isa = PBXResourcesBuildPhase;
			buildActionMask = 2147483647;
			files = (
			);
			runOnlyForDeploymentPostprocessing = 0;
		};
/* End PBXResourcesBuildPhase section */

/* Begin PBXShellScriptBuildPhase section */
		4CC6A93B1A74CE8A94C2B1D1 /* [CP] Copy Pods Resources */ = {
			isa = PBXShellScriptBuildPhase;
			buildActionMask = 2147483647;
			files = (
			);
			inputPaths = (
				"${PODS_ROOT}/Target Support Files/Pods-VialerSIPLib_Tests/Pods-VialerSIPLib_Tests-resources.sh",
				"${PODS_CONFIGURATION_BUILD_DIR}/VialerSIPLib/VialerSIPLib.bundle",
			);
			name = "[CP] Copy Pods Resources";
			outputPaths = (
				"${TARGET_BUILD_DIR}/${UNLOCALIZED_RESOURCES_FOLDER_PATH}/VialerSIPLib.bundle",
			);
			runOnlyForDeploymentPostprocessing = 0;
			shellPath = /bin/sh;
			shellScript = "\"${PODS_ROOT}/Target Support Files/Pods-VialerSIPLib_Tests/Pods-VialerSIPLib_Tests-resources.sh\"\n";
			showEnvVarsInLog = 0;
		};
		9867CF3405BE944EA05D1127 /* [CP] Copy Pods Resources */ = {
			isa = PBXShellScriptBuildPhase;
			buildActionMask = 2147483647;
			files = (
			);
			inputPaths = (
				"${PODS_ROOT}/Target Support Files/Pods-VialerSIPLib_Example/Pods-VialerSIPLib_Example-resources.sh",
				"${PODS_CONFIGURATION_BUILD_DIR}/VialerSIPLib/VialerSIPLib.bundle",
			);
			name = "[CP] Copy Pods Resources";
			outputPaths = (
				"${TARGET_BUILD_DIR}/${UNLOCALIZED_RESOURCES_FOLDER_PATH}/VialerSIPLib.bundle",
			);
			runOnlyForDeploymentPostprocessing = 0;
			shellPath = /bin/sh;
			shellScript = "\"${PODS_ROOT}/Target Support Files/Pods-VialerSIPLib_Example/Pods-VialerSIPLib_Example-resources.sh\"\n";
			showEnvVarsInLog = 0;
		};
		BC456617BB93AA39CD2E063D /* [CP] Check Pods Manifest.lock */ = {
			isa = PBXShellScriptBuildPhase;
			buildActionMask = 2147483647;
			files = (
			);
			inputPaths = (
				"${PODS_PODFILE_DIR_PATH}/Podfile.lock",
				"${PODS_ROOT}/Manifest.lock",
			);
			name = "[CP] Check Pods Manifest.lock";
			outputPaths = (
				"$(DERIVED_FILE_DIR)/Pods-VialerSIPLib_Example-checkManifestLockResult.txt",
			);
			runOnlyForDeploymentPostprocessing = 0;
			shellPath = /bin/sh;
			shellScript = "diff \"${PODS_PODFILE_DIR_PATH}/Podfile.lock\" \"${PODS_ROOT}/Manifest.lock\" > /dev/null\nif [ $? != 0 ] ; then\n    # print error to STDERR\n    echo \"error: The sandbox is not in sync with the Podfile.lock. Run 'pod install' or update your CocoaPods installation.\" >&2\n    exit 1\nfi\n# This output is used by Xcode 'outputs' to avoid re-running this script phase.\necho \"SUCCESS\" > \"${SCRIPT_OUTPUT_FILE_0}\"\n";
			showEnvVarsInLog = 0;
		};
		C91470F5F491E8784D7DBEE4 /* [CP] Check Pods Manifest.lock */ = {
			isa = PBXShellScriptBuildPhase;
			buildActionMask = 2147483647;
			files = (
			);
			inputPaths = (
				"${PODS_PODFILE_DIR_PATH}/Podfile.lock",
				"${PODS_ROOT}/Manifest.lock",
			);
			name = "[CP] Check Pods Manifest.lock";
			outputPaths = (
				"$(DERIVED_FILE_DIR)/Pods-VialerSIPLib_Tests-checkManifestLockResult.txt",
			);
			runOnlyForDeploymentPostprocessing = 0;
			shellPath = /bin/sh;
			shellScript = "diff \"${PODS_PODFILE_DIR_PATH}/Podfile.lock\" \"${PODS_ROOT}/Manifest.lock\" > /dev/null\nif [ $? != 0 ] ; then\n    # print error to STDERR\n    echo \"error: The sandbox is not in sync with the Podfile.lock. Run 'pod install' or update your CocoaPods installation.\" >&2\n    exit 1\nfi\n# This output is used by Xcode 'outputs' to avoid re-running this script phase.\necho \"SUCCESS\" > \"${SCRIPT_OUTPUT_FILE_0}\"\n";
			showEnvVarsInLog = 0;
		};
/* End PBXShellScriptBuildPhase section */

/* Begin PBXSourcesBuildPhase section */
		6003F586195388D20070C39A /* Sources */ = {
			isa = PBXSourcesBuildPhase;
			buildActionMask = 2147483647;
			files = (
				C48B48901D42228900AB2875 /* AppDelegate.swift in Sources */,
				C43C515E1D40A46000F8B793 /* VSLKeypadViewController.swift in Sources */,
				F2800BB71DCB448F009B6361 /* StartCallConvertible.swift in Sources */,
				C44F26441D3F985B00A5A406 /* VSLTransferInProgressViewController.swift in Sources */,
				F2800BB61DCB448F009B6361 /* NSUserActivity+StartCallConvertible.swift in Sources */,
				C4021B6B1D426F22003560F6 /* Keys.swift in Sources */,
				C44F26421D3F5B7D00A5A406 /* VSLSecondCallViewController.swift in Sources */,
				C44F26481D3FBFCF00A5A406 /* VSLMakeCallViewController.swift in Sources */,
				C44F264A1D3FC71D00A5A406 /* VSLCallViewController.swift in Sources */,
				C44F26461D3FB63600A5A406 /* VSLMainViewController.swift in Sources */,
				C44F264C1D3FD33F00A5A406 /* VSLIncomingCallViewController.swift in Sources */,
				C457E49D1D3D070D0005D4B4 /* VSLTransferCallViewController.swift in Sources */,
				C4441B721D424F8100C98E49 /* DDLogWrapper.m in Sources */,
				EE79A6C51E2CFC0F00AC4AC7 /* VSLEndOfCallViewController.swift in Sources */,
				C48B488E1D421CB100AB2875 /* SipUser.swift in Sources */,
			);
			runOnlyForDeploymentPostprocessing = 0;
		};
		6003F5AA195388D20070C39A /* Sources */ = {
			isa = PBXSourcesBuildPhase;
			buildActionMask = 2147483647;
			files = (
				F95AFD271C7F39BC005FC8CD /* VSLCallTests.m in Sources */,
				F2800BBB1DCBCF47009B6361 /* VSLCallManagerTests.m in Sources */,
				C424B50F1C3BDBD900178E52 /* VSLTransportConfigurationTests.m in Sources */,
				F951E38D1C56214300FA480F /* VialerSIPLibTests.m in Sources */,
				F9906C251C3A87EB0044EA99 /* NSStringPlusPJStringTests.m in Sources */,
				C424B50D1C3BD89C00178E52 /* VSLEndpointConfigurationTests.m in Sources */,
				F9906C231C3A85E80044EA99 /* VSLEndpointTests.m in Sources */,
				C424B50B1C3BD27500178E52 /* VSLAccountConfigurationTests.m in Sources */,
				F9906C211C3A85AC0044EA99 /* VSLAccountTests.m in Sources */,
			);
			runOnlyForDeploymentPostprocessing = 0;
		};
		F271B5471DABD18F0028D620 /* Sources */ = {
			isa = PBXSourcesBuildPhase;
			buildActionMask = 2147483647;
			files = (
				F271B54E1DABD18F0028D620 /* IntentHandler.swift in Sources */,
			);
			runOnlyForDeploymentPostprocessing = 0;
		};
/* End PBXSourcesBuildPhase section */

/* Begin PBXTargetDependency section */
		6003F5B4195388D20070C39A /* PBXTargetDependency */ = {
			isa = PBXTargetDependency;
			target = 6003F589195388D20070C39A /* VialerSIPLib_Example */;
			targetProxy = 6003F5B3195388D20070C39A /* PBXContainerItemProxy */;
		};
		F271B5511DABD18F0028D620 /* PBXTargetDependency */ = {
			isa = PBXTargetDependency;
			target = F271B54A1DABD18F0028D620 /* IntentsExtension */;
			targetProxy = F271B5501DABD18F0028D620 /* PBXContainerItemProxy */;
		};
/* End PBXTargetDependency section */

/* Begin PBXVariantGroup section */
		6003F5B8195388D20070C39A /* InfoPlist.strings */ = {
			isa = PBXVariantGroup;
			children = (
				6003F5B9195388D20070C39A /* en */,
			);
			name = InfoPlist.strings;
			sourceTree = "<group>";
		};
		F27386131C170862002C4CD1 /* Main.storyboard */ = {
			isa = PBXVariantGroup;
			children = (
				F27386121C170862002C4CD1 /* Base */,
			);
			name = Main.storyboard;
			sourceTree = "<group>";
		};
		F273861A1C170B3C002C4CD1 /* LaunchScreen.storyboard */ = {
			isa = PBXVariantGroup;
			children = (
				F27386191C170B3C002C4CD1 /* Base */,
			);
			name = LaunchScreen.storyboard;
			sourceTree = "<group>";
		};
/* End PBXVariantGroup section */

/* Begin XCBuildConfiguration section */
		6003F5BD195388D20070C39A /* Debug */ = {
			isa = XCBuildConfiguration;
			buildSettings = {
				ALWAYS_SEARCH_USER_PATHS = NO;
				CLANG_CXX_LANGUAGE_STANDARD = "gnu++0x";
				CLANG_CXX_LIBRARY = "libc++";
				CLANG_ENABLE_MODULES = YES;
				CLANG_ENABLE_OBJC_ARC = YES;
				CLANG_WARN_BLOCK_CAPTURE_AUTORELEASING = YES;
				CLANG_WARN_BOOL_CONVERSION = YES;
				CLANG_WARN_COMMA = YES;
				CLANG_WARN_CONSTANT_CONVERSION = YES;
				CLANG_WARN_DEPRECATED_OBJC_IMPLEMENTATIONS = YES;
				CLANG_WARN_DIRECT_OBJC_ISA_USAGE = YES_ERROR;
				CLANG_WARN_EMPTY_BODY = YES;
				CLANG_WARN_ENUM_CONVERSION = YES;
				CLANG_WARN_INFINITE_RECURSION = YES;
				CLANG_WARN_INT_CONVERSION = YES;
				CLANG_WARN_NON_LITERAL_NULL_CONVERSION = YES;
				CLANG_WARN_OBJC_IMPLICIT_RETAIN_SELF = YES;
				CLANG_WARN_OBJC_LITERAL_CONVERSION = YES;
				CLANG_WARN_OBJC_ROOT_CLASS = YES_ERROR;
				CLANG_WARN_RANGE_LOOP_ANALYSIS = YES;
				CLANG_WARN_STRICT_PROTOTYPES = YES;
				CLANG_WARN_SUSPICIOUS_MOVE = YES;
				CLANG_WARN_UNREACHABLE_CODE = YES;
				CLANG_WARN__DUPLICATE_METHOD_MATCH = YES;
				"CODE_SIGN_IDENTITY[sdk=iphoneos*]" = "iPhone Developer";
				COPY_PHASE_STRIP = NO;
				ENABLE_STRICT_OBJC_MSGSEND = YES;
				ENABLE_TESTABILITY = YES;
				GCC_C_LANGUAGE_STANDARD = gnu99;
				GCC_DYNAMIC_NO_PIC = NO;
				GCC_NO_COMMON_BLOCKS = YES;
				GCC_OPTIMIZATION_LEVEL = 0;
				GCC_PRECOMPILE_PREFIX_HEADER = YES;
				GCC_PREFIX_HEADER = "$(SRCROOT)/VialerSIPLib/VialerSIPLib_Example-Prefix.pch";
				GCC_PREPROCESSOR_DEFINITIONS = (
					"DEBUG=1",
					"$(inherited)",
				);
				GCC_SYMBOLS_PRIVATE_EXTERN = NO;
				GCC_WARN_64_TO_32_BIT_CONVERSION = YES;
				GCC_WARN_ABOUT_RETURN_TYPE = YES_ERROR;
				GCC_WARN_UNDECLARED_SELECTOR = YES;
				GCC_WARN_UNINITIALIZED_AUTOS = YES_AGGRESSIVE;
				GCC_WARN_UNUSED_FUNCTION = YES;
				GCC_WARN_UNUSED_VARIABLE = YES;
				IPHONEOS_DEPLOYMENT_TARGET = 10.0;
				ONLY_ACTIVE_ARCH = YES;
				SDKROOT = iphoneos;
				TARGETED_DEVICE_FAMILY = "1,2";
			};
			name = Debug;
		};
		6003F5BE195388D20070C39A /* Release */ = {
			isa = XCBuildConfiguration;
			buildSettings = {
				ALWAYS_SEARCH_USER_PATHS = NO;
				CLANG_CXX_LANGUAGE_STANDARD = "gnu++0x";
				CLANG_CXX_LIBRARY = "libc++";
				CLANG_ENABLE_MODULES = YES;
				CLANG_ENABLE_OBJC_ARC = YES;
				CLANG_WARN_BLOCK_CAPTURE_AUTORELEASING = YES;
				CLANG_WARN_BOOL_CONVERSION = YES;
				CLANG_WARN_COMMA = YES;
				CLANG_WARN_CONSTANT_CONVERSION = YES;
				CLANG_WARN_DEPRECATED_OBJC_IMPLEMENTATIONS = YES;
				CLANG_WARN_DIRECT_OBJC_ISA_USAGE = YES_ERROR;
				CLANG_WARN_EMPTY_BODY = YES;
				CLANG_WARN_ENUM_CONVERSION = YES;
				CLANG_WARN_INFINITE_RECURSION = YES;
				CLANG_WARN_INT_CONVERSION = YES;
				CLANG_WARN_NON_LITERAL_NULL_CONVERSION = YES;
				CLANG_WARN_OBJC_IMPLICIT_RETAIN_SELF = YES;
				CLANG_WARN_OBJC_LITERAL_CONVERSION = YES;
				CLANG_WARN_OBJC_ROOT_CLASS = YES_ERROR;
				CLANG_WARN_RANGE_LOOP_ANALYSIS = YES;
				CLANG_WARN_STRICT_PROTOTYPES = YES;
				CLANG_WARN_SUSPICIOUS_MOVE = YES;
				CLANG_WARN_UNREACHABLE_CODE = YES;
				CLANG_WARN__DUPLICATE_METHOD_MATCH = YES;
				"CODE_SIGN_IDENTITY[sdk=iphoneos*]" = "iPhone Developer";
				COPY_PHASE_STRIP = YES;
				ENABLE_NS_ASSERTIONS = NO;
				ENABLE_STRICT_OBJC_MSGSEND = YES;
				GCC_C_LANGUAGE_STANDARD = gnu99;
				GCC_NO_COMMON_BLOCKS = YES;
				GCC_PRECOMPILE_PREFIX_HEADER = YES;
				GCC_PREFIX_HEADER = "$(SRCROOT)/VialerSIPLib/VialerSIPLib_Example-Prefix.pch";
				GCC_WARN_64_TO_32_BIT_CONVERSION = YES;
				GCC_WARN_ABOUT_RETURN_TYPE = YES_ERROR;
				GCC_WARN_UNDECLARED_SELECTOR = YES;
				GCC_WARN_UNINITIALIZED_AUTOS = YES_AGGRESSIVE;
				GCC_WARN_UNUSED_FUNCTION = YES;
				GCC_WARN_UNUSED_VARIABLE = YES;
				IPHONEOS_DEPLOYMENT_TARGET = 10.0;
				SDKROOT = iphoneos;
				SWIFT_OPTIMIZATION_LEVEL = "-Owholemodule";
				TARGETED_DEVICE_FAMILY = "1,2";
				VALIDATE_PRODUCT = YES;
			};
			name = Release;
		};
		6003F5C0195388D20070C39A /* Debug */ = {
			isa = XCBuildConfiguration;
			baseConfigurationReference = F15160CE3B28038639A4D6A7 /* Pods-VialerSIPLib_Example.debug.xcconfig */;
			buildSettings = {
				ASSETCATALOG_COMPILER_APPICON_NAME = AppIcon;
				CLANG_ENABLE_MODULES = YES;
				CODE_SIGN_IDENTITY = "iPhone Developer";
				"CODE_SIGN_IDENTITY[sdk=iphoneos*]" = "iPhone Developer";
				DEVELOPMENT_TEAM = E2Q9UE8HM6;
				ENABLE_BITCODE = NO;
				GCC_PRECOMPILE_PREFIX_HEADER = YES;
				INFOPLIST_FILE = "$(SRCROOT)/VialerSIPLib/Info.plist";
				LD_RUNPATH_SEARCH_PATHS = "$(inherited) @executable_path/Frameworks";
				MODULE_NAME = ExampleApp;
				ONLY_ACTIVE_ARCH = NO;
				PRODUCT_BUNDLE_IDENTIFIER = nl.voipgrid.VialerSIPLib;
				PRODUCT_NAME = "$(TARGET_NAME)";
				PROVISIONING_PROFILE = "";
				SWIFT_OBJC_BRIDGING_HEADER = "VialerSIPLib/VialerSIPLib_Example-Bridging-Header.h";
				SWIFT_OPTIMIZATION_LEVEL = "-Onone";
				SWIFT_SWIFT3_OBJC_INFERENCE = Default;
				SWIFT_VERSION = 4.0;
				WRAPPER_EXTENSION = app;
			};
			name = Debug;
		};
		6003F5C1195388D20070C39A /* Release */ = {
			isa = XCBuildConfiguration;
			baseConfigurationReference = 8F7041AC1F0A372AC0CD4BD1 /* Pods-VialerSIPLib_Example.release.xcconfig */;
			buildSettings = {
				ASSETCATALOG_COMPILER_APPICON_NAME = AppIcon;
				CLANG_ENABLE_MODULES = YES;
				CODE_SIGN_IDENTITY = "iPhone Developer";
				"CODE_SIGN_IDENTITY[sdk=iphoneos*]" = "iPhone Developer";
				DEVELOPMENT_TEAM = E2Q9UE8HM6;
				ENABLE_BITCODE = NO;
				GCC_PRECOMPILE_PREFIX_HEADER = YES;
				INFOPLIST_FILE = "$(SRCROOT)/VialerSIPLib/Info.plist";
				LD_RUNPATH_SEARCH_PATHS = "$(inherited) @executable_path/Frameworks";
				MODULE_NAME = ExampleApp;
				PRODUCT_BUNDLE_IDENTIFIER = nl.voipgrid.VialerSIPLib;
				PRODUCT_NAME = "$(TARGET_NAME)";
				PROVISIONING_PROFILE = "";
				SWIFT_OBJC_BRIDGING_HEADER = "VialerSIPLib/VialerSIPLib_Example-Bridging-Header.h";
				SWIFT_SWIFT3_OBJC_INFERENCE = Default;
				SWIFT_VERSION = 4.0;
				WRAPPER_EXTENSION = app;
			};
			name = Release;
		};
		6003F5C3195388D20070C39A /* Debug */ = {
			isa = XCBuildConfiguration;
			baseConfigurationReference = 1EAFF48D5E8CC18B914D3603 /* Pods-VialerSIPLib_Tests.debug.xcconfig */;
			buildSettings = {
				BUNDLE_LOADER = "$(TEST_HOST)";
				GCC_PRECOMPILE_PREFIX_HEADER = YES;
				GCC_PREFIX_HEADER = "Tests/Tests-Prefix.pch";
				GCC_PREPROCESSOR_DEFINITIONS = (
					"DEBUG=1",
					"$(inherited)",
				);
				INFOPLIST_FILE = "Tests/Tests-Info.plist";
				PRODUCT_BUNDLE_IDENTIFIER = "org.cocoapods.demo.${PRODUCT_NAME:rfc1034identifier}";
				PRODUCT_NAME = "$(TARGET_NAME)";
				SWIFT_SWIFT3_OBJC_INFERENCE = On;
				SWIFT_VERSION = 4.0;
				TEST_HOST = "$(BUILT_PRODUCTS_DIR)/VialerSIPLib_Example.app/VialerSIPLib_Example";
				WRAPPER_EXTENSION = xctest;
			};
			name = Debug;
		};
		6003F5C4195388D20070C39A /* Release */ = {
			isa = XCBuildConfiguration;
			baseConfigurationReference = 00110A8BDA853C5298946A61 /* Pods-VialerSIPLib_Tests.release.xcconfig */;
			buildSettings = {
				BUNDLE_LOADER = "$(TEST_HOST)";
				GCC_PRECOMPILE_PREFIX_HEADER = YES;
				GCC_PREFIX_HEADER = "Tests/Tests-Prefix.pch";
				INFOPLIST_FILE = "Tests/Tests-Info.plist";
				PRODUCT_BUNDLE_IDENTIFIER = "org.cocoapods.demo.${PRODUCT_NAME:rfc1034identifier}";
				PRODUCT_NAME = "$(TARGET_NAME)";
				SWIFT_SWIFT3_OBJC_INFERENCE = On;
				SWIFT_VERSION = 4.0;
				TEST_HOST = "$(BUILT_PRODUCTS_DIR)/VialerSIPLib_Example.app/VialerSIPLib_Example";
				WRAPPER_EXTENSION = xctest;
			};
			name = Release;
		};
		F271B5541DABD18F0028D620 /* Debug */ = {
			isa = XCBuildConfiguration;
			buildSettings = {
				CLANG_ANALYZER_NONNULL = YES;
				CLANG_WARN_DOCUMENTATION_COMMENTS = YES;
				CLANG_WARN_SUSPICIOUS_MOVES = YES;
				CODE_SIGN_IDENTITY = "iPhone Developer";
				"CODE_SIGN_IDENTITY[sdk=iphoneos*]" = "iPhone Developer";
				DEBUG_INFORMATION_FORMAT = dwarf;
				DEVELOPMENT_TEAM = E2Q9UE8HM6;
				INFOPLIST_FILE = IntentsExtension/Info.plist;
				IPHONEOS_DEPLOYMENT_TARGET = 10.0;
				LD_RUNPATH_SEARCH_PATHS = "$(inherited) @executable_path/Frameworks @executable_path/../../Frameworks";
				MTL_ENABLE_DEBUG_INFO = YES;
				PRODUCT_BUNDLE_IDENTIFIER = nl.voipgrid.VialerSIPLib.IntentsExtension;
				PRODUCT_NAME = "$(TARGET_NAME)";
				SKIP_INSTALL = YES;
				SWIFT_ACTIVE_COMPILATION_CONDITIONS = DEBUG;
				SWIFT_OPTIMIZATION_LEVEL = "-Onone";
				SWIFT_SWIFT3_OBJC_INFERENCE = Default;
				SWIFT_VERSION = 4.0;
			};
			name = Debug;
		};
		F271B5551DABD18F0028D620 /* Release */ = {
			isa = XCBuildConfiguration;
			buildSettings = {
				CLANG_ANALYZER_NONNULL = YES;
				CLANG_WARN_DOCUMENTATION_COMMENTS = YES;
				CLANG_WARN_SUSPICIOUS_MOVES = YES;
				CODE_SIGN_IDENTITY = "iPhone Developer";
				"CODE_SIGN_IDENTITY[sdk=iphoneos*]" = "iPhone Developer";
				COPY_PHASE_STRIP = NO;
				DEBUG_INFORMATION_FORMAT = "dwarf-with-dsym";
				DEVELOPMENT_TEAM = E2Q9UE8HM6;
				INFOPLIST_FILE = IntentsExtension/Info.plist;
				IPHONEOS_DEPLOYMENT_TARGET = 10.0;
				LD_RUNPATH_SEARCH_PATHS = "$(inherited) @executable_path/Frameworks @executable_path/../../Frameworks";
				MTL_ENABLE_DEBUG_INFO = NO;
				PRODUCT_BUNDLE_IDENTIFIER = nl.voipgrid.VialerSIPLib.IntentsExtension;
				PRODUCT_NAME = "$(TARGET_NAME)";
				SKIP_INSTALL = YES;
				SWIFT_SWIFT3_OBJC_INFERENCE = Default;
				SWIFT_VERSION = 4.0;
			};
			name = Release;
		};
/* End XCBuildConfiguration section */

/* Begin XCConfigurationList section */
		6003F585195388D10070C39A /* Build configuration list for PBXProject "VialerSIPLib" */ = {
			isa = XCConfigurationList;
			buildConfigurations = (
				6003F5BD195388D20070C39A /* Debug */,
				6003F5BE195388D20070C39A /* Release */,
			);
			defaultConfigurationIsVisible = 0;
			defaultConfigurationName = Release;
		};
		6003F5BF195388D20070C39A /* Build configuration list for PBXNativeTarget "VialerSIPLib_Example" */ = {
			isa = XCConfigurationList;
			buildConfigurations = (
				6003F5C0195388D20070C39A /* Debug */,
				6003F5C1195388D20070C39A /* Release */,
			);
			defaultConfigurationIsVisible = 0;
			defaultConfigurationName = Release;
		};
		6003F5C2195388D20070C39A /* Build configuration list for PBXNativeTarget "VialerSIPLib_Tests" */ = {
			isa = XCConfigurationList;
			buildConfigurations = (
				6003F5C3195388D20070C39A /* Debug */,
				6003F5C4195388D20070C39A /* Release */,
			);
			defaultConfigurationIsVisible = 0;
			defaultConfigurationName = Release;
		};
		F271B5531DABD18F0028D620 /* Build configuration list for PBXNativeTarget "IntentsExtension" */ = {
			isa = XCConfigurationList;
			buildConfigurations = (
				F271B5541DABD18F0028D620 /* Debug */,
				F271B5551DABD18F0028D620 /* Release */,
			);
			defaultConfigurationIsVisible = 0;
			defaultConfigurationName = Release;
		};
/* End XCConfigurationList section */
	};
	rootObject = 6003F582195388D10070C39A /* Project object */;
}
